
Microsoft Visual Studio Solution File, Format Version 12.00
# Visual Studio 2013
VisualStudioVersion = 12.0.40629.0
MinimumVisualStudioVersion = 10.0.40219.1
Project("{FAE04EC0-301F-11D3-BF4B-00C04F79EFBC}") = "unit1", "unit1\unit1.csproj", "{22595230-3ADC-4C5F-BCBE-FB92C18F02A8}"
EndProject
Project("{FAE04EC0-301F-11D3-BF4B-00C04F79EFBC}") = "UnitTestProject1", "UnitTestProject1\UnitTestProject1.csproj", "{9D9E8718-27BF-402D-A30F-102699F7DA8E}"
EndProject
Global
	GlobalSection(SolutionConfigurationPlatforms) = preSolution
		Debug|Any CPU = Debug|Any CPU
		Release|Any CPU = Release|Any CPU
	EndGlobalSection
	GlobalSection(ProjectConfigurationPlatforms) = postSolution
		{22595230-3ADC-4C5F-BCBE-FB92C18F02A8}.Debug|Any CPU.ActiveCfg = Debug|Any CPU
		{22595230-3ADC-4C5F-BCBE-FB92C18F02A8}.Debug|Any CPU.Build.0 = Debug|Any CPU
		{22595230-3ADC-4C5F-BCBE-FB92C18F02A8}.Release|Any CPU.ActiveCfg = Release|Any CPU
		{22595230-3ADC-4C5F-BCBE-FB92C18F02A8}.Release|Any CPU.Build.0 = Release|Any CPU
		{9D9E8718-27BF-402D-A30F-102699F7DA8E}.Debug|Any CPU.ActiveCfg = Debug|Any CPU
		{9D9E8718-27BF-402D-A30F-102699F7DA8E}.Debug|Any CPU.Build.0 = Debug|Any CPU
		{9D9E8718-27BF-402D-A30F-102699F7DA8E}.Release|Any CPU.ActiveCfg = Release|Any CPU
		{9D9E8718-27BF-402D-A30F-102699F7DA8E}.Release|Any CPU.Build.0 = Release|Any CPU
	EndGlobalSection
	GlobalSection(SolutionProperties) = preSolution
		HideSolutionNode = FALSE
	EndGlobalSection
EndGlobal
